
Microsoft Visual Studio Solution File, Format Version 12.00
# Visual Studio Version 17
VisualStudioVersion = 17.11.35312.102
MinimumVisualStudioVersion = 10.0.40219.1
Project("{9A19103F-16F7-4668-BE54-9A1E7A4F7556}") = "UserUI", "UserUI\UserUI.csproj", "{CBCD1FB5-875D-487E-8C22-6F3F92A6DEB9}"
EndProject
Project("{9A19103F-16F7-4668-BE54-9A1E7A4F7556}") = "Task5", "Task5\Task5.csproj", "{1D877AA3-856D-4746-9087-C1902EF42C8A}"
EndProject
Project("{9A19103F-16F7-4668-BE54-9A1E7A4F7556}") = "Task6", "Task6\Task6.csproj", "{030AA655-4ACE-4C0A-8462-A5379082E96E}"
EndProject
Project("{FAE04EC0-301F-11D3-BF4B-00C04F79EFBC}") = "IO", "IO\IO.csproj", "{9795F850-4B93-443E-80A6-E9842CFAECA0}"
EndProject
Project("{FAE04EC0-301F-11D3-BF4B-00C04F79EFBC}") = "Arrays", "Arrays\Arrays.csproj", "{8A85041F-9B78-434B-A1D9-19494A0DCAAE}"
EndProject
Global
	GlobalSection(SolutionConfigurationPlatforms) = preSolution
		Debug|Any CPU = Debug|Any CPU
		Release|Any CPU = Release|Any CPU
	EndGlobalSection
	GlobalSection(ProjectConfigurationPlatforms) = postSolution
		{CBCD1FB5-875D-487E-8C22-6F3F92A6DEB9}.Debug|Any CPU.ActiveCfg = Debug|Any CPU
		{CBCD1FB5-875D-487E-8C22-6F3F92A6DEB9}.Debug|Any CPU.Build.0 = Debug|Any CPU
		{CBCD1FB5-875D-487E-8C22-6F3F92A6DEB9}.Release|Any CPU.ActiveCfg = Release|Any CPU
		{CBCD1FB5-875D-487E-8C22-6F3F92A6DEB9}.Release|Any CPU.Build.0 = Release|Any CPU
		{1D877AA3-856D-4746-9087-C1902EF42C8A}.Debug|Any CPU.ActiveCfg = Debug|Any CPU
		{1D877AA3-856D-4746-9087-C1902EF42C8A}.Debug|Any CPU.Build.0 = Debug|Any CPU
		{1D877AA3-856D-4746-9087-C1902EF42C8A}.Release|Any CPU.ActiveCfg = Release|Any CPU
		{1D877AA3-856D-4746-9087-C1902EF42C8A}.Release|Any CPU.Build.0 = Release|Any CPU
		{030AA655-4ACE-4C0A-8462-A5379082E96E}.Debug|Any CPU.ActiveCfg = Debug|Any CPU
		{030AA655-4ACE-4C0A-8462-A5379082E96E}.Debug|Any CPU.Build.0 = Debug|Any CPU
		{030AA655-4ACE-4C0A-8462-A5379082E96E}.Release|Any CPU.ActiveCfg = Release|Any CPU
		{030AA655-4ACE-4C0A-8462-A5379082E96E}.Release|Any CPU.Build.0 = Release|Any CPU
		{9795F850-4B93-443E-80A6-E9842CFAECA0}.Debug|Any CPU.ActiveCfg = Debug|Any CPU
		{9795F850-4B93-443E-80A6-E9842CFAECA0}.Debug|Any CPU.Build.0 = Debug|Any CPU
		{9795F850-4B93-443E-80A6-E9842CFAECA0}.Release|Any CPU.ActiveCfg = Release|Any CPU
		{9795F850-4B93-443E-80A6-E9842CFAECA0}.Release|Any CPU.Build.0 = Release|Any CPU
		{8A85041F-9B78-434B-A1D9-19494A0DCAAE}.Debug|Any CPU.ActiveCfg = Debug|Any CPU
		{8A85041F-9B78-434B-A1D9-19494A0DCAAE}.Debug|Any CPU.Build.0 = Debug|Any CPU
		{8A85041F-9B78-434B-A1D9-19494A0DCAAE}.Release|Any CPU.ActiveCfg = Release|Any CPU
		{8A85041F-9B78-434B-A1D9-19494A0DCAAE}.Release|Any CPU.Build.0 = Release|Any CPU
	EndGlobalSection
	GlobalSection(SolutionProperties) = preSolution
		HideSolutionNode = FALSE
	EndGlobalSection
	GlobalSection(ExtensibilityGlobals) = postSolution
		SolutionGuid = {899BEC76-5996-4974-BEB8-3D7A8ADBF95B}
	EndGlobalSection
EndGlobal
